// !$*UTF8*$!
{
	archiveVersion = 1;
	classes = {
	};
	objectVersion = 51;
	objects = {

/* Begin PBXBuildFile section */
		802F495223E8AD7100F611DA /* Assets.xcassets in Resources */ = {isa = PBXBuildFile; fileRef = 8098D76723E49AA90013710C /* Assets.xcassets */; };
		8036F18F23E56FE70064AC5F /* Media.xcassets in Resources */ = {isa = PBXBuildFile; fileRef = 8036F18E23E56FE70064AC5F /* Media.xcassets */; };
		8036F19123E56FE70064AC5F /* ActionViewController.swift in Sources */ = {isa = PBXBuildFile; fileRef = 8036F19023E56FE70064AC5F /* ActionViewController.swift */; };
		8036F19423E56FE70064AC5F /* MainInterface.storyboard in Resources */ = {isa = PBXBuildFile; fileRef = 8036F19223E56FE70064AC5F /* MainInterface.storyboard */; };
		8036F19823E56FE70064AC5F /* OpenUp.appex in Embed App Extensions */ = {isa = PBXBuildFile; fileRef = 8036F18C23E56FE70064AC5F /* OpenUp.appex */; settings = {ATTRIBUTES = (RemoveHeadersOnCopy, ); }; };
		807EA59923EF5BAC007F156A /* Pods_ShareExtension.framework in Frameworks */ = {isa = PBXBuildFile; fileRef = B5DEADB163BBE7890E111D1A /* Pods_ShareExtension.framework */; };
		807EA59D23EF724A007F156A /* AVPlayerViewControllerManager.swift in Sources */ = {isa = PBXBuildFile; fileRef = 807EA59C23EF724A007F156A /* AVPlayerViewControllerManager.swift */; };
		8098D75F23E49AA80013710C /* AppDelegate.swift in Sources */ = {isa = PBXBuildFile; fileRef = 8098D75E23E49AA80013710C /* AppDelegate.swift */; };
		8098D76323E49AA80013710C /* ViewController.swift in Sources */ = {isa = PBXBuildFile; fileRef = 8098D76223E49AA80013710C /* ViewController.swift */; };
		8098D76623E49AA80013710C /* Main.storyboard in Resources */ = {isa = PBXBuildFile; fileRef = 8098D76423E49AA80013710C /* Main.storyboard */; };
		8098D76823E49AA90013710C /* Assets.xcassets in Resources */ = {isa = PBXBuildFile; fileRef = 8098D76723E49AA90013710C /* Assets.xcassets */; };
		8098D76B23E49AA90013710C /* LaunchScreen.storyboard in Resources */ = {isa = PBXBuildFile; fileRef = 8098D76923E49AA90013710C /* LaunchScreen.storyboard */; };
		8307911EEF067F63E156EF64 /* Pods_OpenUp.framework in Frameworks */ = {isa = PBXBuildFile; fileRef = 0E5E8D39A18294B6F29DF6B3 /* Pods_OpenUp.framework */; };
/* End PBXBuildFile section */

/* Begin PBXContainerItemProxy section */
		8036F19623E56FE70064AC5F /* PBXContainerItemProxy */ = {
			isa = PBXContainerItemProxy;
			containerPortal = 8098D75323E49AA80013710C /* Project object */;
			proxyType = 1;
			remoteGlobalIDString = 8036F18B23E56FE70064AC5F;
			remoteInfo = OpenUp;
		};
/* End PBXContainerItemProxy section */

/* Begin PBXCopyFilesBuildPhase section */
		8098D78523E4A5510013710C /* Embed App Extensions */ = {
			isa = PBXCopyFilesBuildPhase;
			buildActionMask = 2147483647;
			dstPath = "";
			dstSubfolderSpec = 13;
			files = (
				8036F19823E56FE70064AC5F /* OpenUp.appex in Embed App Extensions */,
			);
			name = "Embed App Extensions";
			runOnlyForDeploymentPostprocessing = 0;
		};
/* End PBXCopyFilesBuildPhase section */

/* Begin PBXFileReference section */
		03F1E17F5E2968660D1FEC35 /* Pods-OpenUp.release.xcconfig */ = {isa = PBXFileReference; includeInIndex = 1; lastKnownFileType = text.xcconfig; name = "Pods-OpenUp.release.xcconfig"; path = "Target Support Files/Pods-OpenUp/Pods-OpenUp.release.xcconfig"; sourceTree = "<group>"; };
		063DEC5F28E048BADC029760 /* Pods-OpenUp.debug.xcconfig */ = {isa = PBXFileReference; includeInIndex = 1; lastKnownFileType = text.xcconfig; name = "Pods-OpenUp.debug.xcconfig"; path = "Target Support Files/Pods-OpenUp/Pods-OpenUp.debug.xcconfig"; sourceTree = "<group>"; };
		0E5E8D39A18294B6F29DF6B3 /* Pods_OpenUp.framework */ = {isa = PBXFileReference; explicitFileType = wrapper.framework; includeInIndex = 0; path = Pods_OpenUp.framework; sourceTree = BUILT_PRODUCTS_DIR; };
		32552E0F952A1163A261360C /* Pods-ShareExtension.debug.xcconfig */ = {isa = PBXFileReference; includeInIndex = 1; lastKnownFileType = text.xcconfig; name = "Pods-ShareExtension.debug.xcconfig"; path = "Target Support Files/Pods-ShareExtension/Pods-ShareExtension.debug.xcconfig"; sourceTree = "<group>"; };
		5FB0384C82048931B1B8B8F9 /* Pods-ShareExtension.release.xcconfig */ = {isa = PBXFileReference; includeInIndex = 1; lastKnownFileType = text.xcconfig; name = "Pods-ShareExtension.release.xcconfig"; path = "Target Support Files/Pods-ShareExtension/Pods-ShareExtension.release.xcconfig"; sourceTree = "<group>"; };
		802F495023E8A29E00F611DA /* ShareExtension.entitlements */ = {isa = PBXFileReference; lastKnownFileType = text.plist.entitlements; path = ShareExtension.entitlements; sourceTree = "<group>"; };
		802F495123E8A2A900F611DA /* OpenUp.entitlements */ = {isa = PBXFileReference; lastKnownFileType = text.plist.entitlements; path = OpenUp.entitlements; sourceTree = "<group>"; };
		8036F18C23E56FE70064AC5F /* OpenUp.appex */ = {isa = PBXFileReference; explicitFileType = "wrapper.app-extension"; includeInIndex = 0; path = OpenUp.appex; sourceTree = BUILT_PRODUCTS_DIR; };
		8036F18E23E56FE70064AC5F /* Media.xcassets */ = {isa = PBXFileReference; lastKnownFileType = folder.assetcatalog; path = Media.xcassets; sourceTree = "<group>"; };
		8036F19023E56FE70064AC5F /* ActionViewController.swift */ = {isa = PBXFileReference; lastKnownFileType = sourcecode.swift; path = ActionViewController.swift; sourceTree = "<group>"; };
		8036F19323E56FE70064AC5F /* Base */ = {isa = PBXFileReference; lastKnownFileType = file.storyboard; name = Base; path = Base.lproj/MainInterface.storyboard; sourceTree = "<group>"; };
		8036F19523E56FE70064AC5F /* Info.plist */ = {isa = PBXFileReference; lastKnownFileType = text.plist.xml; path = Info.plist; sourceTree = "<group>"; };
		807EA59C23EF724A007F156A /* AVPlayerViewControllerManager.swift */ = {isa = PBXFileReference; fileEncoding = 4; lastKnownFileType = sourcecode.swift; path = AVPlayerViewControllerManager.swift; sourceTree = "<group>"; };
		8098D75B23E49AA80013710C /* YT Player.app */ = {isa = PBXFileReference; explicitFileType = wrapper.application; includeInIndex = 0; path = "YT Player.app"; sourceTree = BUILT_PRODUCTS_DIR; };
		8098D75E23E49AA80013710C /* AppDelegate.swift */ = {isa = PBXFileReference; lastKnownFileType = sourcecode.swift; path = AppDelegate.swift; sourceTree = "<group>"; };
		8098D76223E49AA80013710C /* ViewController.swift */ = {isa = PBXFileReference; lastKnownFileType = sourcecode.swift; path = ViewController.swift; sourceTree = "<group>"; };
		8098D76523E49AA80013710C /* Base */ = {isa = PBXFileReference; lastKnownFileType = file.storyboard; name = Base; path = Base.lproj/Main.storyboard; sourceTree = "<group>"; };
		8098D76723E49AA90013710C /* Assets.xcassets */ = {isa = PBXFileReference; lastKnownFileType = folder.assetcatalog; path = Assets.xcassets; sourceTree = "<group>"; };
		8098D76A23E49AA90013710C /* Base */ = {isa = PBXFileReference; lastKnownFileType = file.storyboard; name = Base; path = Base.lproj/LaunchScreen.storyboard; sourceTree = "<group>"; };
		8098D76C23E49AA90013710C /* Info.plist */ = {isa = PBXFileReference; lastKnownFileType = text.plist.xml; path = Info.plist; sourceTree = "<group>"; };
		B5DEADB163BBE7890E111D1A /* Pods_ShareExtension.framework */ = {isa = PBXFileReference; explicitFileType = wrapper.framework; includeInIndex = 0; path = Pods_ShareExtension.framework; sourceTree = BUILT_PRODUCTS_DIR; };
/* End PBXFileReference section */

/* Begin PBXFrameworksBuildPhase section */
		8036F18923E56FE70064AC5F /* Frameworks */ = {
			isa = PBXFrameworksBuildPhase;
			buildActionMask = 2147483647;
			files = (
				8307911EEF067F63E156EF64 /* Pods_OpenUp.framework in Frameworks */,
			);
			runOnlyForDeploymentPostprocessing = 0;
		};
		8098D75823E49AA80013710C /* Frameworks */ = {
			isa = PBXFrameworksBuildPhase;
			buildActionMask = 2147483647;
			files = (
				807EA59923EF5BAC007F156A /* Pods_ShareExtension.framework in Frameworks */,
			);
			runOnlyForDeploymentPostprocessing = 0;
		};
/* End PBXFrameworksBuildPhase section */

/* Begin PBXGroup section */
		0F75B9C02B03D8C7B14AA282 /* Frameworks */ = {
			isa = PBXGroup;
			children = (
				0E5E8D39A18294B6F29DF6B3 /* Pods_OpenUp.framework */,
				B5DEADB163BBE7890E111D1A /* Pods_ShareExtension.framework */,
			);
			name = Frameworks;
			sourceTree = "<group>";
		};
		8036F18D23E56FE70064AC5F /* OpenUp */ = {
			isa = PBXGroup;
			children = (
				802F495123E8A2A900F611DA /* OpenUp.entitlements */,
				8036F18E23E56FE70064AC5F /* Media.xcassets */,
				8036F19023E56FE70064AC5F /* ActionViewController.swift */,
				8036F19223E56FE70064AC5F /* MainInterface.storyboard */,
				8036F19523E56FE70064AC5F /* Info.plist */,
			);
			path = OpenUp;
			sourceTree = "<group>";
		};
		8098D75223E49AA80013710C = {
			isa = PBXGroup;
			children = (
				8098D75D23E49AA80013710C /* ShareExtension */,
				8036F18D23E56FE70064AC5F /* OpenUp */,
				8098D75C23E49AA80013710C /* Products */,
				8D18C4A963E07B15AAA7A1F8 /* Pods */,
				0F75B9C02B03D8C7B14AA282 /* Frameworks */,
			);
			sourceTree = "<group>";
		};
		8098D75C23E49AA80013710C /* Products */ = {
			isa = PBXGroup;
			children = (
				8098D75B23E49AA80013710C /* YT Player.app */,
				8036F18C23E56FE70064AC5F /* OpenUp.appex */,
			);
			name = Products;
			sourceTree = "<group>";
		};
		8098D75D23E49AA80013710C /* ShareExtension */ = {
			isa = PBXGroup;
			children = (
				802F495023E8A29E00F611DA /* ShareExtension.entitlements */,
				8098D75E23E49AA80013710C /* AppDelegate.swift */,
				8098D76223E49AA80013710C /* ViewController.swift */,
				8098D76423E49AA80013710C /* Main.storyboard */,
				807EA59C23EF724A007F156A /* AVPlayerViewControllerManager.swift */,
				8098D76723E49AA90013710C /* Assets.xcassets */,
				8098D76923E49AA90013710C /* LaunchScreen.storyboard */,
				8098D76C23E49AA90013710C /* Info.plist */,
			);
			path = ShareExtension;
			sourceTree = "<group>";
		};
		8D18C4A963E07B15AAA7A1F8 /* Pods */ = {
			isa = PBXGroup;
			children = (
				063DEC5F28E048BADC029760 /* Pods-OpenUp.debug.xcconfig */,
				03F1E17F5E2968660D1FEC35 /* Pods-OpenUp.release.xcconfig */,
				32552E0F952A1163A261360C /* Pods-ShareExtension.debug.xcconfig */,
				5FB0384C82048931B1B8B8F9 /* Pods-ShareExtension.release.xcconfig */,
			);
			path = Pods;
			sourceTree = "<group>";
		};
/* End PBXGroup section */

/* Begin PBXNativeTarget section */
		8036F18B23E56FE70064AC5F /* OpenUp */ = {
			isa = PBXNativeTarget;
			buildConfigurationList = 8036F19923E56FE70064AC5F /* Build configuration list for PBXNativeTarget "OpenUp" */;
			buildPhases = (
				4D8DEF7E10BB919451B29A72 /* [CP] Check Pods Manifest.lock */,
				8036F18823E56FE70064AC5F /* Sources */,
				8036F18923E56FE70064AC5F /* Frameworks */,
				8036F18A23E56FE70064AC5F /* Resources */,
			);
			buildRules = (
			);
			dependencies = (
			);
			name = OpenUp;
			productName = OpenUp;
			productReference = 8036F18C23E56FE70064AC5F /* OpenUp.appex */;
			productType = "com.apple.product-type.app-extension";
		};
		8098D75A23E49AA80013710C /* ShareExtension */ = {
			isa = PBXNativeTarget;
			buildConfigurationList = 8098D76F23E49AA90013710C /* Build configuration list for PBXNativeTarget "ShareExtension" */;
			buildPhases = (
				8121F43A77D65C30B8426BAE /* [CP] Check Pods Manifest.lock */,
				8098D75723E49AA80013710C /* Sources */,
				8098D75823E49AA80013710C /* Frameworks */,
				8098D75923E49AA80013710C /* Resources */,
				8098D78523E4A5510013710C /* Embed App Extensions */,
				462C2516DCE5935C4D17BADC /* [CP] Embed Pods Frameworks */,
			);
			buildRules = (
			);
			dependencies = (
				8036F19723E56FE70064AC5F /* PBXTargetDependency */,
			);
			name = ShareExtension;
			productName = ShareExtension;
			productReference = 8098D75B23E49AA80013710C /* YT Player.app */;
			productType = "com.apple.product-type.application";
		};
/* End PBXNativeTarget section */

/* Begin PBXProject section */
		8098D75323E49AA80013710C /* Project object */ = {
			isa = PBXProject;
			attributes = {
				LastSwiftUpdateCheck = 1130;
				LastUpgradeCheck = 1130;
				ORGANIZATIONNAME = LeDo;
				TargetAttributes = {
					8036F18B23E56FE70064AC5F = {
						CreatedOnToolsVersion = 11.3;
					};
					8098D75A23E49AA80013710C = {
						CreatedOnToolsVersion = 11.3;
					};
				};
			};
			buildConfigurationList = 8098D75623E49AA80013710C /* Build configuration list for PBXProject "ShareExtension" */;
			compatibilityVersion = "Xcode 9.3";
			developmentRegion = en;
			hasScannedForEncodings = 0;
			knownRegions = (
				en,
				Base,
			);
			mainGroup = 8098D75223E49AA80013710C;
			productRefGroup = 8098D75C23E49AA80013710C /* Products */;
			projectDirPath = "";
			projectRoot = "";
			targets = (
				8098D75A23E49AA80013710C /* ShareExtension */,
				8036F18B23E56FE70064AC5F /* OpenUp */,
			);
		};
/* End PBXProject section */

/* Begin PBXResourcesBuildPhase section */
		8036F18A23E56FE70064AC5F /* Resources */ = {
			isa = PBXResourcesBuildPhase;
			buildActionMask = 2147483647;
			files = (
				8036F18F23E56FE70064AC5F /* Media.xcassets in Resources */,
				802F495223E8AD7100F611DA /* Assets.xcassets in Resources */,
				8036F19423E56FE70064AC5F /* MainInterface.storyboard in Resources */,
			);
			runOnlyForDeploymentPostprocessing = 0;
		};
		8098D75923E49AA80013710C /* Resources */ = {
			isa = PBXResourcesBuildPhase;
			buildActionMask = 2147483647;
			files = (
				8098D76B23E49AA90013710C /* LaunchScreen.storyboard in Resources */,
				8098D76823E49AA90013710C /* Assets.xcassets in Resources */,
				8098D76623E49AA80013710C /* Main.storyboard in Resources */,
			);
			runOnlyForDeploymentPostprocessing = 0;
		};
/* End PBXResourcesBuildPhase section */

/* Begin PBXShellScriptBuildPhase section */
		462C2516DCE5935C4D17BADC /* [CP] Embed Pods Frameworks */ = {
			isa = PBXShellScriptBuildPhase;
			buildActionMask = 2147483647;
			files = (
			);
			inputFileListPaths = (
				"${PODS_ROOT}/Target Support Files/Pods-ShareExtension/Pods-ShareExtension-frameworks-${CONFIGURATION}-input-files.xcfilelist",
			);
			name = "[CP] Embed Pods Frameworks";
			outputFileListPaths = (
				"${PODS_ROOT}/Target Support Files/Pods-ShareExtension/Pods-ShareExtension-frameworks-${CONFIGURATION}-output-files.xcfilelist",
			);
			runOnlyForDeploymentPostprocessing = 0;
			shellPath = /bin/sh;
			shellScript = "\"${PODS_ROOT}/Target Support Files/Pods-ShareExtension/Pods-ShareExtension-frameworks.sh\"\n";
			showEnvVarsInLog = 0;
		};
		4D8DEF7E10BB919451B29A72 /* [CP] Check Pods Manifest.lock */ = {
			isa = PBXShellScriptBuildPhase;
			buildActionMask = 2147483647;
			files = (
			);
			inputFileListPaths = (
			);
			inputPaths = (
				"${PODS_PODFILE_DIR_PATH}/Podfile.lock",
				"${PODS_ROOT}/Manifest.lock",
			);
			name = "[CP] Check Pods Manifest.lock";
			outputFileListPaths = (
			);
			outputPaths = (
				"$(DERIVED_FILE_DIR)/Pods-OpenUp-checkManifestLockResult.txt",
			);
			runOnlyForDeploymentPostprocessing = 0;
			shellPath = /bin/sh;
			shellScript = "diff \"${PODS_PODFILE_DIR_PATH}/Podfile.lock\" \"${PODS_ROOT}/Manifest.lock\" > /dev/null\nif [ $? != 0 ] ; then\n    # print error to STDERR\n    echo \"error: The sandbox is not in sync with the Podfile.lock. Run 'pod install' or update your CocoaPods installation.\" >&2\n    exit 1\nfi\n# This output is used by Xcode 'outputs' to avoid re-running this script phase.\necho \"SUCCESS\" > \"${SCRIPT_OUTPUT_FILE_0}\"\n";
			showEnvVarsInLog = 0;
		};
		8121F43A77D65C30B8426BAE /* [CP] Check Pods Manifest.lock */ = {
			isa = PBXShellScriptBuildPhase;
			buildActionMask = 2147483647;
			files = (
			);
			inputFileListPaths = (
			);
			inputPaths = (
				"${PODS_PODFILE_DIR_PATH}/Podfile.lock",
				"${PODS_ROOT}/Manifest.lock",
			);
			name = "[CP] Check Pods Manifest.lock";
			outputFileListPaths = (
			);
			outputPaths = (
				"$(DERIVED_FILE_DIR)/Pods-ShareExtension-checkManifestLockResult.txt",
			);
			runOnlyForDeploymentPostprocessing = 0;
			shellPath = /bin/sh;
			shellScript = "diff \"${PODS_PODFILE_DIR_PATH}/Podfile.lock\" \"${PODS_ROOT}/Manifest.lock\" > /dev/null\nif [ $? != 0 ] ; then\n    # print error to STDERR\n    echo \"error: The sandbox is not in sync with the Podfile.lock. Run 'pod install' or update your CocoaPods installation.\" >&2\n    exit 1\nfi\n# This output is used by Xcode 'outputs' to avoid re-running this script phase.\necho \"SUCCESS\" > \"${SCRIPT_OUTPUT_FILE_0}\"\n";
			showEnvVarsInLog = 0;
		};
/* End PBXShellScriptBuildPhase section */

/* Begin PBXSourcesBuildPhase section */
		8036F18823E56FE70064AC5F /* Sources */ = {
			isa = PBXSourcesBuildPhase;
			buildActionMask = 2147483647;
			files = (
				8036F19123E56FE70064AC5F /* ActionViewController.swift in Sources */,
			);
			runOnlyForDeploymentPostprocessing = 0;
		};
		8098D75723E49AA80013710C /* Sources */ = {
			isa = PBXSourcesBuildPhase;
			buildActionMask = 2147483647;
			files = (
				8098D76323E49AA80013710C /* ViewController.swift in Sources */,
				807EA59D23EF724A007F156A /* AVPlayerViewControllerManager.swift in Sources */,
				8098D75F23E49AA80013710C /* AppDelegate.swift in Sources */,
			);
			runOnlyForDeploymentPostprocessing = 0;
		};
/* End PBXSourcesBuildPhase section */

/* Begin PBXTargetDependency section */
		8036F19723E56FE70064AC5F /* PBXTargetDependency */ = {
			isa = PBXTargetDependency;
			target = 8036F18B23E56FE70064AC5F /* OpenUp */;
			targetProxy = 8036F19623E56FE70064AC5F /* PBXContainerItemProxy */;
		};
/* End PBXTargetDependency section */

/* Begin PBXVariantGroup section */
		8036F19223E56FE70064AC5F /* MainInterface.storyboard */ = {
			isa = PBXVariantGroup;
			children = (
				8036F19323E56FE70064AC5F /* Base */,
			);
			name = MainInterface.storyboard;
			sourceTree = "<group>";
		};
		8098D76423E49AA80013710C /* Main.storyboard */ = {
			isa = PBXVariantGroup;
			children = (
				8098D76523E49AA80013710C /* Base */,
			);
			name = Main.storyboard;
			sourceTree = "<group>";
		};
		8098D76923E49AA90013710C /* LaunchScreen.storyboard */ = {
			isa = PBXVariantGroup;
			children = (
				8098D76A23E49AA90013710C /* Base */,
			);
			name = LaunchScreen.storyboard;
			sourceTree = "<group>";
		};
/* End PBXVariantGroup section */

/* Begin XCBuildConfiguration section */
		8036F19A23E56FE70064AC5F /* Debug */ = {
			isa = XCBuildConfiguration;
			baseConfigurationReference = 063DEC5F28E048BADC029760 /* Pods-OpenUp.debug.xcconfig */;
			buildSettings = {
				ASSETCATALOG_COMPILER_APPICON_NAME = AppIcon;
				CODE_SIGN_ENTITLEMENTS = OpenUp/OpenUp.entitlements;
				CODE_SIGN_IDENTITY = "iPhone Developer";
				CODE_SIGN_STYLE = Manual;
				DEVELOPMENT_TEAM = H5U672V2X2;
				INFOPLIST_FILE = OpenUp/Info.plist;
				IPHONEOS_DEPLOYMENT_TARGET = 13.0;
				LD_RUNPATH_SEARCH_PATHS = (
					"$(inherited)",
					"@executable_path/Frameworks",
					"@executable_path/../../Frameworks",
				);
				PRODUCT_BUNDLE_IDENTIFIER = com.dolh.ShareExtension.OpenUp;
				PRODUCT_NAME = "$(TARGET_NAME)";
				PROVISIONING_PROFILE_SPECIFIER = "Dev All";
				SKIP_INSTALL = YES;
				SWIFT_VERSION = 5.0;
				TARGETED_DEVICE_FAMILY = 1;
			};
			name = Debug;
		};
		8036F19B23E56FE70064AC5F /* Release */ = {
			isa = XCBuildConfiguration;
			baseConfigurationReference = 03F1E17F5E2968660D1FEC35 /* Pods-OpenUp.release.xcconfig */;
			buildSettings = {
				ASSETCATALOG_COMPILER_APPICON_NAME = AppIcon;
				CODE_SIGN_ENTITLEMENTS = OpenUp/OpenUp.entitlements;
				CODE_SIGN_IDENTITY = "iPhone Developer";
				CODE_SIGN_STYLE = Manual;
				DEVELOPMENT_TEAM = H5U672V2X2;
				INFOPLIST_FILE = OpenUp/Info.plist;
				IPHONEOS_DEPLOYMENT_TARGET = 13.0;
				LD_RUNPATH_SEARCH_PATHS = (
					"$(inherited)",
					"@executable_path/Frameworks",
					"@executable_path/../../Frameworks",
				);
				PRODUCT_BUNDLE_IDENTIFIER = com.dolh.ShareExtension.OpenUp;
				PRODUCT_NAME = "$(TARGET_NAME)";
				PROVISIONING_PROFILE_SPECIFIER = "Dev All";
				SKIP_INSTALL = YES;
				SWIFT_VERSION = 5.0;
				TARGETED_DEVICE_FAMILY = 1;
			};
			name = Release;
		};
		8098D76D23E49AA90013710C /* Debug */ = {
			isa = XCBuildConfiguration;
			buildSettings = {
				ALWAYS_SEARCH_USER_PATHS = NO;
				CLANG_ANALYZER_NONNULL = YES;
				CLANG_ANALYZER_NUMBER_OBJECT_CONVERSION = YES_AGGRESSIVE;
				CLANG_CXX_LANGUAGE_STANDARD = "gnu++14";
				CLANG_CXX_LIBRARY = "libc++";
				CLANG_ENABLE_MODULES = YES;
				CLANG_ENABLE_OBJC_ARC = YES;
				CLANG_ENABLE_OBJC_WEAK = YES;
				CLANG_WARN_BLOCK_CAPTURE_AUTORELEASING = YES;
				CLANG_WARN_BOOL_CONVERSION = YES;
				CLANG_WARN_COMMA = YES;
				CLANG_WARN_CONSTANT_CONVERSION = YES;
				CLANG_WARN_DEPRECATED_OBJC_IMPLEMENTATIONS = YES;
				CLANG_WARN_DIRECT_OBJC_ISA_USAGE = YES_ERROR;
				CLANG_WARN_DOCUMENTATION_COMMENTS = YES;
				CLANG_WARN_EMPTY_BODY = YES;
				CLANG_WARN_ENUM_CONVERSION = YES;
				CLANG_WARN_INFINITE_RECURSION = YES;
				CLANG_WARN_INT_CONVERSION = YES;
				CLANG_WARN_NON_LITERAL_NULL_CONVERSION = YES;
				CLANG_WARN_OBJC_IMPLICIT_RETAIN_SELF = YES;
				CLANG_WARN_OBJC_LITERAL_CONVERSION = YES;
				CLANG_WARN_OBJC_ROOT_CLASS = YES_ERROR;
				CLANG_WARN_RANGE_LOOP_ANALYSIS = YES;
				CLANG_WARN_STRICT_PROTOTYPES = YES;
				CLANG_WARN_SUSPICIOUS_MOVE = YES;
				CLANG_WARN_UNGUARDED_AVAILABILITY = YES_AGGRESSIVE;
				CLANG_WARN_UNREACHABLE_CODE = YES;
				CLANG_WARN__DUPLICATE_METHOD_MATCH = YES;
				COPY_PHASE_STRIP = NO;
				DEBUG_INFORMATION_FORMAT = dwarf;
				ENABLE_STRICT_OBJC_MSGSEND = YES;
				ENABLE_TESTABILITY = YES;
				GCC_C_LANGUAGE_STANDARD = gnu11;
				GCC_DYNAMIC_NO_PIC = NO;
				GCC_NO_COMMON_BLOCKS = YES;
				GCC_OPTIMIZATION_LEVEL = 0;
				GCC_PREPROCESSOR_DEFINITIONS = (
					"DEBUG=1",
					"$(inherited)",
				);
				GCC_WARN_64_TO_32_BIT_CONVERSION = YES;
				GCC_WARN_ABOUT_RETURN_TYPE = YES_ERROR;
				GCC_WARN_UNDECLARED_SELECTOR = YES;
				GCC_WARN_UNINITIALIZED_AUTOS = YES_AGGRESSIVE;
				GCC_WARN_UNUSED_FUNCTION = YES;
				GCC_WARN_UNUSED_VARIABLE = YES;
				IPHONEOS_DEPLOYMENT_TARGET = 13.0;
				MTL_ENABLE_DEBUG_INFO = INCLUDE_SOURCE;
				MTL_FAST_MATH = YES;
				ONLY_ACTIVE_ARCH = YES;
				SDKROOT = iphoneos;
				SWIFT_ACTIVE_COMPILATION_CONDITIONS = DEBUG;
				SWIFT_OPTIMIZATION_LEVEL = "-Onone";
			};
			name = Debug;
		};
		8098D76E23E49AA90013710C /* Release */ = {
			isa = XCBuildConfiguration;
			buildSettings = {
				ALWAYS_SEARCH_USER_PATHS = NO;
				CLANG_ANALYZER_NONNULL = YES;
				CLANG_ANALYZER_NUMBER_OBJECT_CONVERSION = YES_AGGRESSIVE;
				CLANG_CXX_LANGUAGE_STANDARD = "gnu++14";
				CLANG_CXX_LIBRARY = "libc++";
				CLANG_ENABLE_MODULES = YES;
				CLANG_ENABLE_OBJC_ARC = YES;
				CLANG_ENABLE_OBJC_WEAK = YES;
				CLANG_WARN_BLOCK_CAPTURE_AUTORELEASING = YES;
				CLANG_WARN_BOOL_CONVERSION = YES;
				CLANG_WARN_COMMA = YES;
				CLANG_WARN_CONSTANT_CONVERSION = YES;
				CLANG_WARN_DEPRECATED_OBJC_IMPLEMENTATIONS = YES;
				CLANG_WARN_DIRECT_OBJC_ISA_USAGE = YES_ERROR;
				CLANG_WARN_DOCUMENTATION_COMMENTS = YES;
				CLANG_WARN_EMPTY_BODY = YES;
				CLANG_WARN_ENUM_CONVERSION = YES;
				CLANG_WARN_INFINITE_RECURSION = YES;
				CLANG_WARN_INT_CONVERSION = YES;
				CLANG_WARN_NON_LITERAL_NULL_CONVERSION = YES;
				CLANG_WARN_OBJC_IMPLICIT_RETAIN_SELF = YES;
				CLANG_WARN_OBJC_LITERAL_CONVERSION = YES;
				CLANG_WARN_OBJC_ROOT_CLASS = YES_ERROR;
				CLANG_WARN_RANGE_LOOP_ANALYSIS = YES;
				CLANG_WARN_STRICT_PROTOTYPES = YES;
				CLANG_WARN_SUSPICIOUS_MOVE = YES;
				CLANG_WARN_UNGUARDED_AVAILABILITY = YES_AGGRESSIVE;
				CLANG_WARN_UNREACHABLE_CODE = YES;
				CLANG_WARN__DUPLICATE_METHOD_MATCH = YES;
				COPY_PHASE_STRIP = NO;
				DEBUG_INFORMATION_FORMAT = "dwarf-with-dsym";
				ENABLE_NS_ASSERTIONS = NO;
				ENABLE_STRICT_OBJC_MSGSEND = YES;
				GCC_C_LANGUAGE_STANDARD = gnu11;
				GCC_NO_COMMON_BLOCKS = YES;
				GCC_WARN_64_TO_32_BIT_CONVERSION = YES;
				GCC_WARN_ABOUT_RETURN_TYPE = YES_ERROR;
				GCC_WARN_UNDECLARED_SELECTOR = YES;
				GCC_WARN_UNINITIALIZED_AUTOS = YES_AGGRESSIVE;
				GCC_WARN_UNUSED_FUNCTION = YES;
				GCC_WARN_UNUSED_VARIABLE = YES;
				IPHONEOS_DEPLOYMENT_TARGET = 13.0;
				MTL_ENABLE_DEBUG_INFO = NO;
				MTL_FAST_MATH = YES;
				SDKROOT = iphoneos;
				SWIFT_COMPILATION_MODE = wholemodule;
				SWIFT_OPTIMIZATION_LEVEL = "-O";
				VALIDATE_PRODUCT = YES;
			};
			name = Release;
		};
		8098D77023E49AA90013710C /* Debug */ = {
			isa = XCBuildConfiguration;
			baseConfigurationReference = 32552E0F952A1163A261360C /* Pods-ShareExtension.debug.xcconfig */;
			buildSettings = {
				ALWAYS_EMBED_SWIFT_STANDARD_LIBRARIES = YES;
				ASSETCATALOG_COMPILER_APPICON_NAME = AppIcon;
				CODE_SIGN_ENTITLEMENTS = ShareExtension/ShareExtension.entitlements;
				CODE_SIGN_IDENTITY = "iPhone Developer";
				CODE_SIGN_STYLE = Manual;
				DEVELOPMENT_TEAM = H5U672V2X2;
				INFOPLIST_FILE = ShareExtension/Info.plist;
				IPHONEOS_DEPLOYMENT_TARGET = 13.0;
				LD_RUNPATH_SEARCH_PATHS = (
					"$(inherited)",
					"@executable_path/Frameworks",
				);
				PRODUCT_BUNDLE_IDENTIFIER = com.dolh.ShareExtension;
				PRODUCT_NAME = "YT Player";
				PROVISIONING_PROFILE_SPECIFIER = "Dev All";
				SWIFT_VERSION = 5.0;
				TARGETED_DEVICE_FAMILY = 1;
			};
			name = Debug;
		};
		8098D77123E49AA90013710C /* Release */ = {
			isa = XCBuildConfiguration;
			baseConfigurationReference = 5FB0384C82048931B1B8B8F9 /* Pods-ShareExtension.release.xcconfig */;
			buildSettings = {
				ALWAYS_EMBED_SWIFT_STANDARD_LIBRARIES = YES;
				ASSETCATALOG_COMPILER_APPICON_NAME = AppIcon;
				CODE_SIGN_ENTITLEMENTS = ShareExtension/ShareExtension.entitlements;
				CODE_SIGN_IDENTITY = "iPhone Developer";
				CODE_SIGN_STYLE = Manual;
				DEVELOPMENT_TEAM = H5U672V2X2;
				INFOPLIST_FILE = ShareExtension/Info.plist;
				IPHONEOS_DEPLOYMENT_TARGET = 13.0;
				LD_RUNPATH_SEARCH_PATHS = (
					"$(inherited)",
					"@executable_path/Frameworks",
				);
				PRODUCT_BUNDLE_IDENTIFIER = com.dolh.ShareExtension;
				PRODUCT_NAME = "YT Player";
				PROVISIONING_PROFILE_SPECIFIER = "Dev All";
				SWIFT_VERSION = 5.0;
				TARGETED_DEVICE_FAMILY = 1;
			};
			name = Release;
		};
/* End XCBuildConfiguration section */

/* Begin XCConfigurationList section */
		8036F19923E56FE70064AC5F /* Build configuration list for PBXNativeTarget "OpenUp" */ = {
			isa = XCConfigurationList;
			buildConfigurations = (
				8036F19A23E56FE70064AC5F /* Debug */,
				8036F19B23E56FE70064AC5F /* Release */,
			);
			defaultConfigurationIsVisible = 0;
			defaultConfigurationName = Release;
		};
		8098D75623E49AA80013710C /* Build configuration list for PBXProject "ShareExtension" */ = {
			isa = XCConfigurationList;
			buildConfigurations = (
				8098D76D23E49AA90013710C /* Debug */,
				8098D76E23E49AA90013710C /* Release */,
			);
			defaultConfigurationIsVisible = 0;
			defaultConfigurationName = Release;
		};
		8098D76F23E49AA90013710C /* Build configuration list for PBXNativeTarget "ShareExtension" */ = {
			isa = XCConfigurationList;
			buildConfigurations = (
				8098D77023E49AA90013710C /* Debug */,
				8098D77123E49AA90013710C /* Release */,
			);
			defaultConfigurationIsVisible = 0;
			defaultConfigurationName = Release;
		};
/* End XCConfigurationList section */
	};
	rootObject = 8098D75323E49AA80013710C /* Project object */;
}
